
Microsoft Visual Studio Solution File, Format Version 11.00
# Visual Studio 2010
Project("{FAE04EC0-301F-11D3-BF4B-00C04F79EFBC}") = "NormaCSBinder", "NormaCSBinder\NormaCSBinder.csproj", "{A5B779A5-8719-4CC4-A4DC-1B7DA2D64170}"
EndProject
Project("{FAE04EC0-301F-11D3-BF4B-00C04F79EFBC}") = "TestProject", "TestProject\TestProject.csproj", "{27756760-EE5B-4D48-9E06-1F160FD4196D}"
EndProject
Project("{FAE04EC0-301F-11D3-BF4B-00C04F79EFBC}") = "StringExtender", "StringExtender\StringExtender.csproj", "{02036988-3538-499B-A19B-E43FC7E96731}"
EndProject
Project("{FAE04EC0-301F-11D3-BF4B-00C04F79EFBC}") = "ConfigManager", "ConfigManager\ConfigManager.csproj", "{C201266E-4F84-4BE5-9B66-8E87A37740E2}"
EndProject
Project("{FAE04EC0-301F-11D3-BF4B-00C04F79EFBC}") = "Logger", "Logger\Logger.csproj", "{C7D34F36-D9C2-4217-99C7-D432E70A660E}"
EndProject
Project("{FAE04EC0-301F-11D3-BF4B-00C04F79EFBC}") = "ReportWindow", "ReportWindow\ReportWindow.csproj", "{2F5E2B38-3A72-4479-8FE2-77E92F4F211E}"
EndProject
Global
	GlobalSection(SolutionConfigurationPlatforms) = preSolution
		Debug|Any CPU = Debug|Any CPU
		Debug|Mixed Platforms = Debug|Mixed Platforms
		Debug|x86 = Debug|x86
		Release|Any CPU = Release|Any CPU
		Release|Mixed Platforms = Release|Mixed Platforms
		Release|x86 = Release|x86
	EndGlobalSection
	GlobalSection(ProjectConfigurationPlatforms) = postSolution
		{A5B779A5-8719-4CC4-A4DC-1B7DA2D64170}.Debug|Any CPU.ActiveCfg = Debug|Any CPU
		{A5B779A5-8719-4CC4-A4DC-1B7DA2D64170}.Debug|Any CPU.Build.0 = Debug|Any CPU
		{A5B779A5-8719-4CC4-A4DC-1B7DA2D64170}.Debug|Mixed Platforms.ActiveCfg = Debug|Any CPU
		{A5B779A5-8719-4CC4-A4DC-1B7DA2D64170}.Debug|Mixed Platforms.Build.0 = Debug|Any CPU
		{A5B779A5-8719-4CC4-A4DC-1B7DA2D64170}.Debug|x86.ActiveCfg = Debug|Any CPU
		{A5B779A5-8719-4CC4-A4DC-1B7DA2D64170}.Release|Any CPU.ActiveCfg = Release|Any CPU
		{A5B779A5-8719-4CC4-A4DC-1B7DA2D64170}.Release|Any CPU.Build.0 = Release|Any CPU
		{A5B779A5-8719-4CC4-A4DC-1B7DA2D64170}.Release|Mixed Platforms.ActiveCfg = Release|Any CPU
		{A5B779A5-8719-4CC4-A4DC-1B7DA2D64170}.Release|Mixed Platforms.Build.0 = Release|Any CPU
		{A5B779A5-8719-4CC4-A4DC-1B7DA2D64170}.Release|x86.ActiveCfg = Release|Any CPU
		{27756760-EE5B-4D48-9E06-1F160FD4196D}.Debug|Any CPU.ActiveCfg = Debug|x86
		{27756760-EE5B-4D48-9E06-1F160FD4196D}.Debug|Mixed Platforms.ActiveCfg = Debug|x86
		{27756760-EE5B-4D48-9E06-1F160FD4196D}.Debug|Mixed Platforms.Build.0 = Debug|x86
		{27756760-EE5B-4D48-9E06-1F160FD4196D}.Debug|x86.ActiveCfg = Debug|x86
		{27756760-EE5B-4D48-9E06-1F160FD4196D}.Debug|x86.Build.0 = Debug|x86
		{27756760-EE5B-4D48-9E06-1F160FD4196D}.Release|Any CPU.ActiveCfg = Release|x86
		{27756760-EE5B-4D48-9E06-1F160FD4196D}.Release|Mixed Platforms.ActiveCfg = Release|x86
		{27756760-EE5B-4D48-9E06-1F160FD4196D}.Release|Mixed Platforms.Build.0 = Release|x86
		{27756760-EE5B-4D48-9E06-1F160FD4196D}.Release|x86.ActiveCfg = Release|x86
		{27756760-EE5B-4D48-9E06-1F160FD4196D}.Release|x86.Build.0 = Release|x86
		{02036988-3538-499B-A19B-E43FC7E96731}.Debug|Any CPU.ActiveCfg = Debug|Any CPU
		{02036988-3538-499B-A19B-E43FC7E96731}.Debug|Any CPU.Build.0 = Debug|Any CPU
		{02036988-3538-499B-A19B-E43FC7E96731}.Debug|Mixed Platforms.ActiveCfg = Debug|Any CPU
		{02036988-3538-499B-A19B-E43FC7E96731}.Debug|Mixed Platforms.Build.0 = Debug|Any CPU
		{02036988-3538-499B-A19B-E43FC7E96731}.Debug|x86.ActiveCfg = Debug|Any CPU
		{02036988-3538-499B-A19B-E43FC7E96731}.Release|Any CPU.ActiveCfg = Release|Any CPU
		{02036988-3538-499B-A19B-E43FC7E96731}.Release|Any CPU.Build.0 = Release|Any CPU
		{02036988-3538-499B-A19B-E43FC7E96731}.Release|Mixed Platforms.ActiveCfg = Release|Any CPU
		{02036988-3538-499B-A19B-E43FC7E96731}.Release|Mixed Platforms.Build.0 = Release|Any CPU
		{02036988-3538-499B-A19B-E43FC7E96731}.Release|x86.ActiveCfg = Release|Any CPU
		{C201266E-4F84-4BE5-9B66-8E87A37740E2}.Debug|Any CPU.ActiveCfg = Debug|Any CPU
		{C201266E-4F84-4BE5-9B66-8E87A37740E2}.Debug|Any CPU.Build.0 = Debug|Any CPU
		{C201266E-4F84-4BE5-9B66-8E87A37740E2}.Debug|Mixed Platforms.ActiveCfg = Debug|Any CPU
		{C201266E-4F84-4BE5-9B66-8E87A37740E2}.Debug|Mixed Platforms.Build.0 = Debug|Any CPU
		{C201266E-4F84-4BE5-9B66-8E87A37740E2}.Debug|x86.ActiveCfg = Debug|Any CPU
		{C201266E-4F84-4BE5-9B66-8E87A37740E2}.Release|Any CPU.ActiveCfg = Release|Any CPU
		{C201266E-4F84-4BE5-9B66-8E87A37740E2}.Release|Any CPU.Build.0 = Release|Any CPU
		{C201266E-4F84-4BE5-9B66-8E87A37740E2}.Release|Mixed Platforms.ActiveCfg = Release|Any CPU
		{C201266E-4F84-4BE5-9B66-8E87A37740E2}.Release|Mixed Platforms.Build.0 = Release|Any CPU
		{C201266E-4F84-4BE5-9B66-8E87A37740E2}.Release|x86.ActiveCfg = Release|Any CPU
		{C7D34F36-D9C2-4217-99C7-D432E70A660E}.Debug|Any CPU.ActiveCfg = Debug|Any CPU
		{C7D34F36-D9C2-4217-99C7-D432E70A660E}.Debug|Any CPU.Build.0 = Debug|Any CPU
		{C7D34F36-D9C2-4217-99C7-D432E70A660E}.Debug|Mixed Platforms.ActiveCfg = Debug|Any CPU
		{C7D34F36-D9C2-4217-99C7-D432E70A660E}.Debug|Mixed Platforms.Build.0 = Debug|Any CPU
		{C7D34F36-D9C2-4217-99C7-D432E70A660E}.Debug|x86.ActiveCfg = Debug|Any CPU
		{C7D34F36-D9C2-4217-99C7-D432E70A660E}.Release|Any CPU.ActiveCfg = Release|Any CPU
		{C7D34F36-D9C2-4217-99C7-D432E70A660E}.Release|Any CPU.Build.0 = Release|Any CPU
		{C7D34F36-D9C2-4217-99C7-D432E70A660E}.Release|Mixed Platforms.ActiveCfg = Release|Any CPU
		{C7D34F36-D9C2-4217-99C7-D432E70A660E}.Release|Mixed Platforms.Build.0 = Release|Any CPU
		{C7D34F36-D9C2-4217-99C7-D432E70A660E}.Release|x86.ActiveCfg = Release|Any CPU
		{2F5E2B38-3A72-4479-8FE2-77E92F4F211E}.Debug|Any CPU.ActiveCfg = Debug|Any CPU
		{2F5E2B38-3A72-4479-8FE2-77E92F4F211E}.Debug|Any CPU.Build.0 = Debug|Any CPU
		{2F5E2B38-3A72-4479-8FE2-77E92F4F211E}.Debug|Mixed Platforms.ActiveCfg = Debug|Any CPU
		{2F5E2B38-3A72-4479-8FE2-77E92F4F211E}.Debug|Mixed Platforms.Build.0 = Debug|Any CPU
		{2F5E2B38-3A72-4479-8FE2-77E92F4F211E}.Debug|x86.ActiveCfg = Debug|Any CPU
		{2F5E2B38-3A72-4479-8FE2-77E92F4F211E}.Release|Any CPU.ActiveCfg = Release|Any CPU
		{2F5E2B38-3A72-4479-8FE2-77E92F4F211E}.Release|Any CPU.Build.0 = Release|Any CPU
		{2F5E2B38-3A72-4479-8FE2-77E92F4F211E}.Release|Mixed Platforms.ActiveCfg = Release|Any CPU
		{2F5E2B38-3A72-4479-8FE2-77E92F4F211E}.Release|Mixed Platforms.Build.0 = Release|Any CPU
		{2F5E2B38-3A72-4479-8FE2-77E92F4F211E}.Release|x86.ActiveCfg = Release|Any CPU
	EndGlobalSection
	GlobalSection(SolutionProperties) = preSolution
		HideSolutionNode = FALSE
	EndGlobalSection
EndGlobal
